// !$*UTF8*$!
{
	archiveVersion = 1;
	classes = {
	};
	objectVersion = 51;
	objects = {

/* Begin PBXBuildFile section */
		97D94DBA33372D7875044DB6 /* Pods_instagramClone.framework in Frameworks */ = {isa = PBXBuildFile; fileRef = B1005DEBDEA3D8788FE5D40F /* Pods_instagramClone.framework */; };
		DDBC03EF25F7D3ED005DCD42 /* AppDelegate.swift in Sources */ = {isa = PBXBuildFile; fileRef = DDBC03EE25F7D3ED005DCD42 /* AppDelegate.swift */; };
		DDBC03F125F7D3ED005DCD42 /* SceneDelegate.swift in Sources */ = {isa = PBXBuildFile; fileRef = DDBC03F025F7D3ED005DCD42 /* SceneDelegate.swift */; };
		DDBC03F325F7D3ED005DCD42 /* LoginViewController.swift in Sources */ = {isa = PBXBuildFile; fileRef = DDBC03F225F7D3ED005DCD42 /* LoginViewController.swift */; };
		DDBC03F625F7D3ED005DCD42 /* Main.storyboard in Resources */ = {isa = PBXBuildFile; fileRef = DDBC03F425F7D3ED005DCD42 /* Main.storyboard */; };
		DDBC03F825F7D3ED005DCD42 /* Assets.xcassets in Resources */ = {isa = PBXBuildFile; fileRef = DDBC03F725F7D3ED005DCD42 /* Assets.xcassets */; };
		DDBC03FB25F7D3ED005DCD42 /* LaunchScreen.storyboard in Resources */ = {isa = PBXBuildFile; fileRef = DDBC03F925F7D3ED005DCD42 /* LaunchScreen.storyboard */; };
		DDBC041225F7D928005DCD42 /* FeedViewController.swift in Sources */ = {isa = PBXBuildFile; fileRef = DDBC041125F7D928005DCD42 /* FeedViewController.swift */; };
		DDBC041625F7E254005DCD42 /* CameraViewController.swift in Sources */ = {isa = PBXBuildFile; fileRef = DDBC041525F7E254005DCD42 /* CameraViewController.swift */; };
/* End PBXBuildFile section */

/* Begin PBXFileReference section */
		14D79C3E85655AB057E48830 /* Pods-instagramClone.release.xcconfig */ = {isa = PBXFileReference; includeInIndex = 1; lastKnownFileType = text.xcconfig; name = "Pods-instagramClone.release.xcconfig"; path = "Target Support Files/Pods-instagramClone/Pods-instagramClone.release.xcconfig"; sourceTree = "<group>"; };
		B1005DEBDEA3D8788FE5D40F /* Pods_instagramClone.framework */ = {isa = PBXFileReference; explicitFileType = wrapper.framework; includeInIndex = 0; path = Pods_instagramClone.framework; sourceTree = BUILT_PRODUCTS_DIR; };
		DDBC03EB25F7D3ED005DCD42 /* instagramClone.app */ = {isa = PBXFileReference; explicitFileType = wrapper.application; includeInIndex = 0; path = instagramClone.app; sourceTree = BUILT_PRODUCTS_DIR; };
		DDBC03EE25F7D3ED005DCD42 /* AppDelegate.swift */ = {isa = PBXFileReference; lastKnownFileType = sourcecode.swift; path = AppDelegate.swift; sourceTree = "<group>"; };
		DDBC03F025F7D3ED005DCD42 /* SceneDelegate.swift */ = {isa = PBXFileReference; lastKnownFileType = sourcecode.swift; path = SceneDelegate.swift; sourceTree = "<group>"; };
		DDBC03F225F7D3ED005DCD42 /* LoginViewController.swift */ = {isa = PBXFileReference; lastKnownFileType = sourcecode.swift; path = LoginViewController.swift; sourceTree = "<group>"; };
		DDBC03F525F7D3ED005DCD42 /* Base */ = {isa = PBXFileReference; lastKnownFileType = file.storyboard; name = Base; path = Base.lproj/Main.storyboard; sourceTree = "<group>"; };
		DDBC03F725F7D3ED005DCD42 /* Assets.xcassets */ = {isa = PBXFileReference; lastKnownFileType = folder.assetcatalog; path = Assets.xcassets; sourceTree = "<group>"; };
		DDBC03FA25F7D3ED005DCD42 /* Base */ = {isa = PBXFileReference; lastKnownFileType = file.storyboard; name = Base; path = Base.lproj/LaunchScreen.storyboard; sourceTree = "<group>"; };
		DDBC03FC25F7D3ED005DCD42 /* Info.plist */ = {isa = PBXFileReference; lastKnownFileType = text.plist.xml; path = Info.plist; sourceTree = "<group>"; };
		DDBC041125F7D928005DCD42 /* FeedViewController.swift */ = {isa = PBXFileReference; lastKnownFileType = sourcecode.swift; path = FeedViewController.swift; sourceTree = "<group>"; };
		DDBC041525F7E254005DCD42 /* CameraViewController.swift */ = {isa = PBXFileReference; lastKnownFileType = sourcecode.swift; path = CameraViewController.swift; sourceTree = "<group>"; };
		EE80EFE4E83C07F585CDFA43 /* Pods-instagramClone.debug.xcconfig */ = {isa = PBXFileReference; includeInIndex = 1; lastKnownFileType = text.xcconfig; name = "Pods-instagramClone.debug.xcconfig"; path = "Target Support Files/Pods-instagramClone/Pods-instagramClone.debug.xcconfig"; sourceTree = "<group>"; };
/* End PBXFileReference section */

/* Begin PBXFrameworksBuildPhase section */
		DDBC03E825F7D3ED005DCD42 /* Frameworks */ = {
			isa = PBXFrameworksBuildPhase;
			buildActionMask = 2147483647;
			files = (
				97D94DBA33372D7875044DB6 /* Pods_instagramClone.framework in Frameworks */,
			);
			runOnlyForDeploymentPostprocessing = 0;
		};
/* End PBXFrameworksBuildPhase section */

/* Begin PBXGroup section */
		A607F95E7D43F396EC571711 /* Pods */ = {
			isa = PBXGroup;
			children = (
				EE80EFE4E83C07F585CDFA43 /* Pods-instagramClone.debug.xcconfig */,
				14D79C3E85655AB057E48830 /* Pods-instagramClone.release.xcconfig */,
			);
			path = Pods;
			sourceTree = "<group>";
		};
		DDBC03E225F7D3ED005DCD42 = {
			isa = PBXGroup;
			children = (
				DDBC03ED25F7D3ED005DCD42 /* instagramClone */,
				DDBC03EC25F7D3ED005DCD42 /* Products */,
				A607F95E7D43F396EC571711 /* Pods */,
				E602F2BC4BDBA7A738190D3F /* Frameworks */,
			);
			sourceTree = "<group>";
		};
		DDBC03EC25F7D3ED005DCD42 /* Products */ = {
			isa = PBXGroup;
			children = (
				DDBC03EB25F7D3ED005DCD42 /* instagramClone.app */,
			);
			name = Products;
			sourceTree = "<group>";
		};
		DDBC03ED25F7D3ED005DCD42 /* instagramClone */ = {
			isa = PBXGroup;
			children = (
				DDBC03EE25F7D3ED005DCD42 /* AppDelegate.swift */,
				DDBC03F025F7D3ED005DCD42 /* SceneDelegate.swift */,
				DDBC041025F7D902005DCD42 /* Model */,
				DDBC040D25F7D8DF005DCD42 /* View */,
				DDBC040E25F7D8EA005DCD42 /* Controller */,
				DDBC03F725F7D3ED005DCD42 /* Assets.xcassets */,
				DDBC03F925F7D3ED005DCD42 /* LaunchScreen.storyboard */,
				DDBC03FC25F7D3ED005DCD42 /* Info.plist */,
			);
			path = instagramClone;
			sourceTree = "<group>";
		};
		DDBC040D25F7D8DF005DCD42 /* View */ = {
			isa = PBXGroup;
			children = (
				DDBC03F425F7D3ED005DCD42 /* Main.storyboard */,
			);
			path = View;
			sourceTree = "<group>";
		};
		DDBC040E25F7D8EA005DCD42 /* Controller */ = {
			isa = PBXGroup;
			children = (
				DDBC03F225F7D3ED005DCD42 /* LoginViewController.swift */,
				DDBC041125F7D928005DCD42 /* FeedViewController.swift */,
				DDBC041525F7E254005DCD42 /* CameraViewController.swift */,
			);
			path = Controller;
			sourceTree = "<group>";
		};
		DDBC041025F7D902005DCD42 /* Model */ = {
			isa = PBXGroup;
			children = (
			);
			path = Model;
			sourceTree = "<group>";
		};
		E602F2BC4BDBA7A738190D3F /* Frameworks */ = {
			isa = PBXGroup;
			children = (
				B1005DEBDEA3D8788FE5D40F /* Pods_instagramClone.framework */,
			);
			name = Frameworks;
			sourceTree = "<group>";
		};
/* End PBXGroup section */

/* Begin PBXNativeTarget section */
		DDBC03EA25F7D3ED005DCD42 /* instagramClone */ = {
			isa = PBXNativeTarget;
			buildConfigurationList = DDBC03FF25F7D3ED005DCD42 /* Build configuration list for PBXNativeTarget "instagramClone" */;
			buildPhases = (
				4C944E43985A81232DA3002E /* [CP] Check Pods Manifest.lock */,
				DDBC03E725F7D3ED005DCD42 /* Sources */,
				DDBC03E825F7D3ED005DCD42 /* Frameworks */,
				DDBC03E925F7D3ED005DCD42 /* Resources */,
				304DD1A7A750691C622A582F /* [CP] Embed Pods Frameworks */,
			);
			buildRules = (
			);
			dependencies = (
			);
			name = instagramClone;
			productName = instagramClone;
			productReference = DDBC03EB25F7D3ED005DCD42 /* instagramClone.app */;
			productType = "com.apple.product-type.application";
		};
/* End PBXNativeTarget section */

/* Begin PBXProject section */
		DDBC03E325F7D3ED005DCD42 /* Project object */ = {
			isa = PBXProject;
			attributes = {
				LastSwiftUpdateCheck = 1240;
				LastUpgradeCheck = 1240;
				TargetAttributes = {
					DDBC03EA25F7D3ED005DCD42 = {
						CreatedOnToolsVersion = 12.4;
					};
				};
			};
			buildConfigurationList = DDBC03E625F7D3ED005DCD42 /* Build configuration list for PBXProject "instagramClone" */;
			compatibilityVersion = "Xcode 9.3";
			developmentRegion = en;
			hasScannedForEncodings = 0;
			knownRegions = (
				en,
				Base,
			);
			mainGroup = DDBC03E225F7D3ED005DCD42;
			productRefGroup = DDBC03EC25F7D3ED005DCD42 /* Products */;
			projectDirPath = "";
			projectRoot = "";
			targets = (
				DDBC03EA25F7D3ED005DCD42 /* instagramClone */,
			);
		};
/* End PBXProject section */

/* Begin PBXResourcesBuildPhase section */
		DDBC03E925F7D3ED005DCD42 /* Resources */ = {
			isa = PBXResourcesBuildPhase;
			buildActionMask = 2147483647;
			files = (
				DDBC03FB25F7D3ED005DCD42 /* LaunchScreen.storyboard in Resources */,
				DDBC03F825F7D3ED005DCD42 /* Assets.xcassets in Resources */,
				DDBC03F625F7D3ED005DCD42 /* Main.storyboard in Resources */,
			);
			runOnlyForDeploymentPostprocessing = 0;
		};
/* End PBXResourcesBuildPhase section */

/* Begin PBXShellScriptBuildPhase section */
		304DD1A7A750691C622A582F /* [CP] Embed Pods Frameworks */ = {
			isa = PBXShellScriptBuildPhase;
			buildActionMask = 2147483647;
			files = (
			);
			inputFileListPaths = (
				"${PODS_ROOT}/Target Support Files/Pods-instagramClone/Pods-instagramClone-frameworks-${CONFIGURATION}-input-files.xcfilelist",
			);
			name = "[CP] Embed Pods Frameworks";
			outputFileListPaths = (
				"${PODS_ROOT}/Target Support Files/Pods-instagramClone/Pods-instagramClone-frameworks-${CONFIGURATION}-output-files.xcfilelist",
			);
			runOnlyForDeploymentPostprocessing = 0;
			shellPath = /bin/sh;
			shellScript = "\"${PODS_ROOT}/Target Support Files/Pods-instagramClone/Pods-instagramClone-frameworks.sh\"\n";
			showEnvVarsInLog = 0;
		};
		4C944E43985A81232DA3002E /* [CP] Check Pods Manifest.lock */ = {
			isa = PBXShellScriptBuildPhase;
			buildActionMask = 2147483647;
			files = (
			);
			inputFileListPaths = (
			);
			inputPaths = (
				"${PODS_PODFILE_DIR_PATH}/Podfile.lock",
				"${PODS_ROOT}/Manifest.lock",
			);
			name = "[CP] Check Pods Manifest.lock";
			outputFileListPaths = (
			);
			outputPaths = (
				"$(DERIVED_FILE_DIR)/Pods-instagramClone-checkManifestLockResult.txt",
			);
			runOnlyForDeploymentPostprocessing = 0;
			shellPath = /bin/sh;
			shellScript = "diff \"${PODS_PODFILE_DIR_PATH}/Podfile.lock\" \"${PODS_ROOT}/Manifest.lock\" > /dev/null\nif [ $? != 0 ] ; then\n    # print error to STDERR\n    echo \"error: The sandbox is not in sync with the Podfile.lock. Run 'pod install' or update your CocoaPods installation.\" >&2\n    exit 1\nfi\n# This output is used by Xcode 'outputs' to avoid re-running this script phase.\necho \"SUCCESS\" > \"${SCRIPT_OUTPUT_FILE_0}\"\n";
			showEnvVarsInLog = 0;
		};
/* End PBXShellScriptBuildPhase section */

/* Begin PBXSourcesBuildPhase section */
		DDBC03E725F7D3ED005DCD42 /* Sources */ = {
			isa = PBXSourcesBuildPhase;
			buildActionMask = 2147483647;
			files = (
				DDBC03F325F7D3ED005DCD42 /* LoginViewController.swift in Sources */,
				DDBC041625F7E254005DCD42 /* CameraViewController.swift in Sources */,
				DDBC03EF25F7D3ED005DCD42 /* AppDelegate.swift in Sources */,
				DDBC041225F7D928005DCD42 /* FeedViewController.swift in Sources */,
				DDBC03F125F7D3ED005DCD42 /* SceneDelegate.swift in Sources */,
			);
			runOnlyForDeploymentPostprocessing = 0;
		};
/* End PBXSourcesBuildPhase section */

/* Begin PBXVariantGroup section */
		DDBC03F425F7D3ED005DCD42 /* Main.storyboard */ = {
			isa = PBXVariantGroup;
			children = (
				DDBC03F525F7D3ED005DCD42 /* Base */,
			);
			name = Main.storyboard;
			sourceTree = "<group>";
		};
		DDBC03F925F7D3ED005DCD42 /* LaunchScreen.storyboard */ = {
			isa = PBXVariantGroup;
			children = (
				DDBC03FA25F7D3ED005DCD42 /* Base */,
			);
			name = LaunchScreen.storyboard;
			sourceTree = "<group>";
		};
/* End PBXVariantGroup section */

/* Begin XCBuildConfiguration section */
		DDBC03FD25F7D3ED005DCD42 /* Debug */ = {
			isa = XCBuildConfiguration;
			buildSettings = {
				ALWAYS_SEARCH_USER_PATHS = NO;
				CLANG_ANALYZER_NONNULL = YES;
				CLANG_ANALYZER_NUMBER_OBJECT_CONVERSION = YES_AGGRESSIVE;
				CLANG_CXX_LANGUAGE_STANDARD = "gnu++14";
				CLANG_CXX_LIBRARY = "libc++";
				CLANG_ENABLE_MODULES = YES;
				CLANG_ENABLE_OBJC_ARC = YES;
				CLANG_ENABLE_OBJC_WEAK = YES;
				CLANG_WARN_BLOCK_CAPTURE_AUTORELEASING = YES;
				CLANG_WARN_BOOL_CONVERSION = YES;
				CLANG_WARN_COMMA = YES;
				CLANG_WARN_CONSTANT_CONVERSION = YES;
				CLANG_WARN_DEPRECATED_OBJC_IMPLEMENTATIONS = YES;
				CLANG_WARN_DIRECT_OBJC_ISA_USAGE = YES_ERROR;
				CLANG_WARN_DOCUMENTATION_COMMENTS = YES;
				CLANG_WARN_EMPTY_BODY = YES;
				CLANG_WARN_ENUM_CONVERSION = YES;
				CLANG_WARN_INFINITE_RECURSION = YES;
				CLANG_WARN_INT_CONVERSION = YES;
				CLANG_WARN_NON_LITERAL_NULL_CONVERSION = YES;
				CLANG_WARN_OBJC_IMPLICIT_RETAIN_SELF = YES;
				CLANG_WARN_OBJC_LITERAL_CONVERSION = YES;
				CLANG_WARN_OBJC_ROOT_CLASS = YES_ERROR;
				CLANG_WARN_QUOTED_INCLUDE_IN_FRAMEWORK_HEADER = YES;
				CLANG_WARN_RANGE_LOOP_ANALYSIS = YES;
				CLANG_WARN_STRICT_PROTOTYPES = YES;
				CLANG_WARN_SUSPICIOUS_MOVE = YES;
				CLANG_WARN_UNGUARDED_AVAILABILITY = YES_AGGRESSIVE;
				CLANG_WARN_UNREACHABLE_CODE = YES;
				CLANG_WARN__DUPLICATE_METHOD_MATCH = YES;
				COPY_PHASE_STRIP = NO;
				DEBUG_INFORMATION_FORMAT = dwarf;
				ENABLE_STRICT_OBJC_MSGSEND = YES;
				ENABLE_TESTABILITY = YES;
				GCC_C_LANGUAGE_STANDARD = gnu11;
				GCC_DYNAMIC_NO_PIC = NO;
				GCC_NO_COMMON_BLOCKS = YES;
				GCC_OPTIMIZATION_LEVEL = 0;
				GCC_PREPROCESSOR_DEFINITIONS = (
					"DEBUG=1",
					"$(inherited)",
				);
				GCC_WARN_64_TO_32_BIT_CONVERSION = YES;
				GCC_WARN_ABOUT_RETURN_TYPE = YES_ERROR;
				GCC_WARN_UNDECLARED_SELECTOR = YES;
				GCC_WARN_UNINITIALIZED_AUTOS = YES_AGGRESSIVE;
				GCC_WARN_UNUSED_FUNCTION = YES;
				GCC_WARN_UNUSED_VARIABLE = YES;
				IPHONEOS_DEPLOYMENT_TARGET = 14.4;
				MTL_ENABLE_DEBUG_INFO = INCLUDE_SOURCE;
				MTL_FAST_MATH = YES;
				ONLY_ACTIVE_ARCH = YES;
				SDKROOT = iphoneos;
				SWIFT_ACTIVE_COMPILATION_CONDITIONS = DEBUG;
				SWIFT_OPTIMIZATION_LEVEL = "-Onone";
			};
			name = Debug;
		};
		DDBC03FE25F7D3ED005DCD42 /* Release */ = {
			isa = XCBuildConfiguration;
			buildSettings = {
				ALWAYS_SEARCH_USER_PATHS = NO;
				CLANG_ANALYZER_NONNULL = YES;
				CLANG_ANALYZER_NUMBER_OBJECT_CONVERSION = YES_AGGRESSIVE;
				CLANG_CXX_LANGUAGE_STANDARD = "gnu++14";
				CLANG_CXX_LIBRARY = "libc++";
				CLANG_ENABLE_MODULES = YES;
				CLANG_ENABLE_OBJC_ARC = YES;
				CLANG_ENABLE_OBJC_WEAK = YES;
				CLANG_WARN_BLOCK_CAPTURE_AUTORELEASING = YES;
				CLANG_WARN_BOOL_CONVERSION = YES;
				CLANG_WARN_COMMA = YES;
				CLANG_WARN_CONSTANT_CONVERSION = YES;
				CLANG_WARN_DEPRECATED_OBJC_IMPLEMENTATIONS = YES;
				CLANG_WARN_DIRECT_OBJC_ISA_USAGE = YES_ERROR;
				CLANG_WARN_DOCUMENTATION_COMMENTS = YES;
				CLANG_WARN_EMPTY_BODY = YES;
				CLANG_WARN_ENUM_CONVERSION = YES;
				CLANG_WARN_INFINITE_RECURSION = YES;
				CLANG_WARN_INT_CONVERSION = YES;
				CLANG_WARN_NON_LITERAL_NULL_CONVERSION = YES;
				CLANG_WARN_OBJC_IMPLICIT_RETAIN_SELF = YES;
				CLANG_WARN_OBJC_LITERAL_CONVERSION = YES;
				CLANG_WARN_OBJC_ROOT_CLASS = YES_ERROR;
				CLANG_WARN_QUOTED_INCLUDE_IN_FRAMEWORK_HEADER = YES;
				CLANG_WARN_RANGE_LOOP_ANALYSIS = YES;
				CLANG_WARN_STRICT_PROTOTYPES = YES;
				CLANG_WARN_SUSPICIOUS_MOVE = YES;
				CLANG_WARN_UNGUARDED_AVAILABILITY = YES_AGGRESSIVE;
				CLANG_WARN_UNREACHABLE_CODE = YES;
				CLANG_WARN__DUPLICATE_METHOD_MATCH = YES;
				COPY_PHASE_STRIP = NO;
				DEBUG_INFORMATION_FORMAT = "dwarf-with-dsym";
				ENABLE_NS_ASSERTIONS = NO;
				ENABLE_STRICT_OBJC_MSGSEND = YES;
				GCC_C_LANGUAGE_STANDARD = gnu11;
				GCC_NO_COMMON_BLOCKS = YES;
				GCC_WARN_64_TO_32_BIT_CONVERSION = YES;
				GCC_WARN_ABOUT_RETURN_TYPE = YES_ERROR;
				GCC_WARN_UNDECLARED_SELECTOR = YES;
				GCC_WARN_UNINITIALIZED_AUTOS = YES_AGGRESSIVE;
				GCC_WARN_UNUSED_FUNCTION = YES;
				GCC_WARN_UNUSED_VARIABLE = YES;
				IPHONEOS_DEPLOYMENT_TARGET = 14.4;
				MTL_ENABLE_DEBUG_INFO = NO;
				MTL_FAST_MATH = YES;
				SDKROOT = iphoneos;
				SWIFT_COMPILATION_MODE = wholemodule;
				SWIFT_OPTIMIZATION_LEVEL = "-O";
				VALIDATE_PRODUCT = YES;
			};
			name = Release;
		};
		DDBC040025F7D3ED005DCD42 /* Debug */ = {
			isa = XCBuildConfiguration;
			baseConfigurationReference = EE80EFE4E83C07F585CDFA43 /* Pods-instagramClone.debug.xcconfig */;
			buildSettings = {
				ASSETCATALOG_COMPILER_APPICON_NAME = AppIcon;
				ASSETCATALOG_COMPILER_GLOBAL_ACCENT_COLOR_NAME = AccentColor;
				CODE_SIGN_STYLE = Automatic;
				DEVELOPMENT_TEAM = YGNVT89K5D;
				INFOPLIST_FILE = instagramClone/Info.plist;
				LD_RUNPATH_SEARCH_PATHS = (
					"$(inherited)",
					"@executable_path/Frameworks",
				);
				PRODUCT_BUNDLE_IDENTIFIER = KingRichCoding.instagramClone;
				PRODUCT_NAME = "$(TARGET_NAME)";
				SWIFT_VERSION = 5.0;
				TARGETED_DEVICE_FAMILY = "1,2";
			};
			name = Debug;
		};
		DDBC040125F7D3ED005DCD42 /* Release */ = {
			isa = XCBuildConfiguration;
			baseConfigurationReference = 14D79C3E85655AB057E48830 /* Pods-instagramClone.release.xcconfig */;
			buildSettings = {
				ASSETCATALOG_COMPILER_APPICON_NAME = AppIcon;
				ASSETCATALOG_COMPILER_GLOBAL_ACCENT_COLOR_NAME = AccentColor;
				CODE_SIGN_STYLE = Automatic;
				DEVELOPMENT_TEAM = YGNVT89K5D;
				INFOPLIST_FILE = instagramClone/Info.plist;
				LD_RUNPATH_SEARCH_PATHS = (
					"$(inherited)",
					"@executable_path/Frameworks",
				);
				PRODUCT_BUNDLE_IDENTIFIER = KingRichCoding.instagramClone;
				PRODUCT_NAME = "$(TARGET_NAME)";
				SWIFT_VERSION = 5.0;
				TARGETED_DEVICE_FAMILY = "1,2";
			};
			name = Release;
		};
/* End XCBuildConfiguration section */

/* Begin XCConfigurationList section */
		DDBC03E625F7D3ED005DCD42 /* Build configuration list for PBXProject "instagramClone" */ = {
			isa = XCConfigurationList;
			buildConfigurations = (
				DDBC03FD25F7D3ED005DCD42 /* Debug */,
				DDBC03FE25F7D3ED005DCD42 /* Release */,
			);
			defaultConfigurationIsVisible = 0;
			defaultConfigurationName = Release;
		};
		DDBC03FF25F7D3ED005DCD42 /* Build configuration list for PBXNativeTarget "instagramClone" */ = {
			isa = XCConfigurationList;
			buildConfigurations = (
				DDBC040025F7D3ED005DCD42 /* Debug */,
				DDBC040125F7D3ED005DCD42 /* Release */,
			);
			defaultConfigurationIsVisible = 0;
			defaultConfigurationName = Release;
		};
/* End XCConfigurationList section */
	};
	rootObject = DDBC03E325F7D3ED005DCD42 /* Project object */;
}
